
Microsoft Visual Studio Solution File, Format Version 12.00
Project("{2150E333-8FDC-42A3-9474-1A3956D46DE8}") = "Solution Items", "Solution Items", "{B5DAA2F1-D070-4A65-93F6-3904588D346A}"
	ProjectSection(SolutionItems) = preProject
		docker-compose.yml = docker-compose.yml
	EndProjectSection
EndProject
Project("{2150E333-8FDC-42A3-9474-1A3956D46DE8}") = "Lobby", "Lobby", "{E4D34280-8FC8-4823-BC74-201E705E3512}"
EndProject
Project("{FAE04EC0-301F-11D3-BF4B-00C04F79EFBC}") = "Lobby.Api", "Lobby.Api\Lobby.Api.csproj", "{FBB9C74B-59FD-4310-B064-3731EB30F789}"
EndProject
Project("{FAE04EC0-301F-11D3-BF4B-00C04F79EFBC}") = "Lobby.Domain", "Lobby.Domain\Lobby.Domain.csproj", "{FF8082CD-B639-4ECC-9CBD-8436C8079A8F}"
EndProject
Project("{FAE04EC0-301F-11D3-BF4B-00C04F79EFBC}") = "Lobby.Application", "Lobby.Application\Lobby.Application.csproj", "{B93FBBB8-58A2-4F2A-B5B2-187958BDB7F5}"
EndProject
Project("{FAE04EC0-301F-11D3-BF4B-00C04F79EFBC}") = "Lobby.infrastructure", "Lobby.infrastructure\Lobby.infrastructure.csproj", "{CD6C4B74-015D-4E11-B68A-6B283BA42967}"
EndProject
Project("{FAE04EC0-301F-11D3-BF4B-00C04F79EFBC}") = "Contracts", "Contracts\Contracts.csproj", "{ABEA4126-999C-4F74-B8CF-F2B6BCF2DE84}"
EndProject
Project("{2150E333-8FDC-42A3-9474-1A3956D46DE8}") = "Game", "Game", "{A7D57E88-0596-4AAC-A2CF-34B8CA52AC1E}"
EndProject
Project("{FAE04EC0-301F-11D3-BF4B-00C04F79EFBC}") = "GameChess.Api", "GameChess.Api\GameChess.Api.csproj", "{7834CAC0-0A17-4040-B50B-492C2378E87B}"
EndProject
Project("{FAE04EC0-301F-11D3-BF4B-00C04F79EFBC}") = "GameChess.Domain", "GameChess.Domain\GameChess.Domain.csproj", "{EDDF65F8-4C5B-4FD2-9CEA-D02961592FF3}"
EndProject
Project("{FAE04EC0-301F-11D3-BF4B-00C04F79EFBC}") = "GameChess.Application", "GameChess.Application\GameChess.Application.csproj", "{54CAC94B-BD7C-44E8-8416-86C2ADFABD3B}"
EndProject
Project("{FAE04EC0-301F-11D3-BF4B-00C04F79EFBC}") = "GameChess.Infrastructure", "GameChess.Infrastructure\GameChess.Infrastructure.csproj", "{C749BF3E-B373-41AA-A5FD-21E7BC4FDBE3}"
EndProject
Global
	GlobalSection(SolutionConfigurationPlatforms) = preSolution
		Debug|Any CPU = Debug|Any CPU
		Release|Any CPU = Release|Any CPU
	EndGlobalSection
	GlobalSection(ProjectConfigurationPlatforms) = postSolution
		{FBB9C74B-59FD-4310-B064-3731EB30F789}.Debug|Any CPU.ActiveCfg = Debug|Any CPU
		{FBB9C74B-59FD-4310-B064-3731EB30F789}.Debug|Any CPU.Build.0 = Debug|Any CPU
		{FBB9C74B-59FD-4310-B064-3731EB30F789}.Release|Any CPU.ActiveCfg = Release|Any CPU
		{FBB9C74B-59FD-4310-B064-3731EB30F789}.Release|Any CPU.Build.0 = Release|Any CPU
		{FF8082CD-B639-4ECC-9CBD-8436C8079A8F}.Debug|Any CPU.ActiveCfg = Debug|Any CPU
		{FF8082CD-B639-4ECC-9CBD-8436C8079A8F}.Debug|Any CPU.Build.0 = Debug|Any CPU
		{FF8082CD-B639-4ECC-9CBD-8436C8079A8F}.Release|Any CPU.ActiveCfg = Release|Any CPU
		{FF8082CD-B639-4ECC-9CBD-8436C8079A8F}.Release|Any CPU.Build.0 = Release|Any CPU
		{B93FBBB8-58A2-4F2A-B5B2-187958BDB7F5}.Debug|Any CPU.ActiveCfg = Debug|Any CPU
		{B93FBBB8-58A2-4F2A-B5B2-187958BDB7F5}.Debug|Any CPU.Build.0 = Debug|Any CPU
		{B93FBBB8-58A2-4F2A-B5B2-187958BDB7F5}.Release|Any CPU.ActiveCfg = Release|Any CPU
		{B93FBBB8-58A2-4F2A-B5B2-187958BDB7F5}.Release|Any CPU.Build.0 = Release|Any CPU
		{CD6C4B74-015D-4E11-B68A-6B283BA42967}.Debug|Any CPU.ActiveCfg = Debug|Any CPU
		{CD6C4B74-015D-4E11-B68A-6B283BA42967}.Debug|Any CPU.Build.0 = Debug|Any CPU
		{CD6C4B74-015D-4E11-B68A-6B283BA42967}.Release|Any CPU.ActiveCfg = Release|Any CPU
		{CD6C4B74-015D-4E11-B68A-6B283BA42967}.Release|Any CPU.Build.0 = Release|Any CPU
		{ABEA4126-999C-4F74-B8CF-F2B6BCF2DE84}.Debug|Any CPU.ActiveCfg = Debug|Any CPU
		{ABEA4126-999C-4F74-B8CF-F2B6BCF2DE84}.Debug|Any CPU.Build.0 = Debug|Any CPU
		{ABEA4126-999C-4F74-B8CF-F2B6BCF2DE84}.Release|Any CPU.ActiveCfg = Release|Any CPU
		{ABEA4126-999C-4F74-B8CF-F2B6BCF2DE84}.Release|Any CPU.Build.0 = Release|Any CPU
		{7834CAC0-0A17-4040-B50B-492C2378E87B}.Debug|Any CPU.ActiveCfg = Debug|Any CPU
		{7834CAC0-0A17-4040-B50B-492C2378E87B}.Debug|Any CPU.Build.0 = Debug|Any CPU
		{7834CAC0-0A17-4040-B50B-492C2378E87B}.Release|Any CPU.ActiveCfg = Release|Any CPU
		{7834CAC0-0A17-4040-B50B-492C2378E87B}.Release|Any CPU.Build.0 = Release|Any CPU
		{EDDF65F8-4C5B-4FD2-9CEA-D02961592FF3}.Debug|Any CPU.ActiveCfg = Debug|Any CPU
		{EDDF65F8-4C5B-4FD2-9CEA-D02961592FF3}.Debug|Any CPU.Build.0 = Debug|Any CPU
		{EDDF65F8-4C5B-4FD2-9CEA-D02961592FF3}.Release|Any CPU.ActiveCfg = Release|Any CPU
		{EDDF65F8-4C5B-4FD2-9CEA-D02961592FF3}.Release|Any CPU.Build.0 = Release|Any CPU
		{54CAC94B-BD7C-44E8-8416-86C2ADFABD3B}.Debug|Any CPU.ActiveCfg = Debug|Any CPU
		{54CAC94B-BD7C-44E8-8416-86C2ADFABD3B}.Debug|Any CPU.Build.0 = Debug|Any CPU
		{54CAC94B-BD7C-44E8-8416-86C2ADFABD3B}.Release|Any CPU.ActiveCfg = Release|Any CPU
		{54CAC94B-BD7C-44E8-8416-86C2ADFABD3B}.Release|Any CPU.Build.0 = Release|Any CPU
		{C749BF3E-B373-41AA-A5FD-21E7BC4FDBE3}.Debug|Any CPU.ActiveCfg = Debug|Any CPU
		{C749BF3E-B373-41AA-A5FD-21E7BC4FDBE3}.Debug|Any CPU.Build.0 = Debug|Any CPU
		{C749BF3E-B373-41AA-A5FD-21E7BC4FDBE3}.Release|Any CPU.ActiveCfg = Release|Any CPU
		{C749BF3E-B373-41AA-A5FD-21E7BC4FDBE3}.Release|Any CPU.Build.0 = Release|Any CPU
	EndGlobalSection
	GlobalSection(NestedProjects) = preSolution
		{FBB9C74B-59FD-4310-B064-3731EB30F789} = {E4D34280-8FC8-4823-BC74-201E705E3512}
		{FF8082CD-B639-4ECC-9CBD-8436C8079A8F} = {E4D34280-8FC8-4823-BC74-201E705E3512}
		{B93FBBB8-58A2-4F2A-B5B2-187958BDB7F5} = {E4D34280-8FC8-4823-BC74-201E705E3512}
		{CD6C4B74-015D-4E11-B68A-6B283BA42967} = {E4D34280-8FC8-4823-BC74-201E705E3512}
		{7834CAC0-0A17-4040-B50B-492C2378E87B} = {A7D57E88-0596-4AAC-A2CF-34B8CA52AC1E}
		{EDDF65F8-4C5B-4FD2-9CEA-D02961592FF3} = {A7D57E88-0596-4AAC-A2CF-34B8CA52AC1E}
		{54CAC94B-BD7C-44E8-8416-86C2ADFABD3B} = {A7D57E88-0596-4AAC-A2CF-34B8CA52AC1E}
		{C749BF3E-B373-41AA-A5FD-21E7BC4FDBE3} = {A7D57E88-0596-4AAC-A2CF-34B8CA52AC1E}
	EndGlobalSection
EndGlobal
